PODS:
  - Bolts/Tasks (1.4.0)
  - M13Checkbox (1.1.2)
  - Parse (1.9.1):
    - Bolts/Tasks (>= 1.4.0)

DEPENDENCIES:
  - M13Checkbox
  - Parse

SPEC CHECKSUMS:
  Bolts: 0e9bce58b9b9f5e8a7a4d47b16d2fabec289072b
  M13Checkbox: 0c0bb08dcd144c4ea33f883b68270f3f56908ea2
  Parse: 54a965c8c19a6dde90284ab654dbcc77ef8c001b

COCOAPODS: 0.38.0.beta.2
